// !$*UTF8*$!
{
	archiveVersion = 1;
	classes = {
	};
	objectVersion = 46;
	objects = {

/* Begin PBXBuildFile section */
		8D3D44D91A91A3C7008A9E78 /* TablaLugaresViewController.m in Sources */ = {isa = PBXBuildFile; fileRef = 8D3D44D81A91A3C7008A9E78 /* TablaLugaresViewController.m */; };
		8D3D44F41A91A407008A9E78 /* NSObject+SBJson.m in Sources */ = {isa = PBXBuildFile; fileRef = 8D3D44DC1A91A407008A9E78 /* NSObject+SBJson.m */; };
		8D3D44F51A91A407008A9E78 /* SBJsonParser.m in Sources */ = {isa = PBXBuildFile; fileRef = 8D3D44DF1A91A407008A9E78 /* SBJsonParser.m */; };
		8D3D44F61A91A407008A9E78 /* SBJsonStreamParser.m in Sources */ = {isa = PBXBuildFile; fileRef = 8D3D44E11A91A407008A9E78 /* SBJsonStreamParser.m */; };
		8D3D44F71A91A407008A9E78 /* SBJsonStreamParserAccumulator.m in Sources */ = {isa = PBXBuildFile; fileRef = 8D3D44E31A91A407008A9E78 /* SBJsonStreamParserAccumulator.m */; };
		8D3D44F81A91A407008A9E78 /* SBJsonStreamParserAdapter.m in Sources */ = {isa = PBXBuildFile; fileRef = 8D3D44E51A91A407008A9E78 /* SBJsonStreamParserAdapter.m */; };
		8D3D44F91A91A407008A9E78 /* SBJsonStreamParserState.m in Sources */ = {isa = PBXBuildFile; fileRef = 8D3D44E71A91A407008A9E78 /* SBJsonStreamParserState.m */; };
		8D3D44FA1A91A407008A9E78 /* SBJsonStreamWriter.m in Sources */ = {isa = PBXBuildFile; fileRef = 8D3D44E91A91A407008A9E78 /* SBJsonStreamWriter.m */; };
		8D3D44FB1A91A407008A9E78 /* SBJsonStreamWriterAccumulator.m in Sources */ = {isa = PBXBuildFile; fileRef = 8D3D44EB1A91A407008A9E78 /* SBJsonStreamWriterAccumulator.m */; };
		8D3D44FC1A91A407008A9E78 /* SBJsonStreamWriterState.m in Sources */ = {isa = PBXBuildFile; fileRef = 8D3D44ED1A91A407008A9E78 /* SBJsonStreamWriterState.m */; };
		8D3D44FD1A91A407008A9E78 /* SBJsonTokeniser.m in Sources */ = {isa = PBXBuildFile; fileRef = 8D3D44EF1A91A407008A9E78 /* SBJsonTokeniser.m */; };
		8D3D44FE1A91A407008A9E78 /* SBJsonUTF8Stream.m in Sources */ = {isa = PBXBuildFile; fileRef = 8D3D44F11A91A407008A9E78 /* SBJsonUTF8Stream.m */; };
		8D3D44FF1A91A407008A9E78 /* SBJsonWriter.m in Sources */ = {isa = PBXBuildFile; fileRef = 8D3D44F31A91A407008A9E78 /* SBJsonWriter.m */; };
		8D6709841A9165DB0054A07A /* main.m in Sources */ = {isa = PBXBuildFile; fileRef = 8D6709831A9165DB0054A07A /* main.m */; };
		8D6709871A9165DB0054A07A /* AppDelegate.m in Sources */ = {isa = PBXBuildFile; fileRef = 8D6709861A9165DB0054A07A /* AppDelegate.m */; };
		8D67098A1A9165DB0054A07A /* ViewController.m in Sources */ = {isa = PBXBuildFile; fileRef = 8D6709891A9165DB0054A07A /* ViewController.m */; };
		8D67098D1A9165DB0054A07A /* Main.storyboard in Resources */ = {isa = PBXBuildFile; fileRef = 8D67098B1A9165DB0054A07A /* Main.storyboard */; };
		8D67098F1A9165DB0054A07A /* Images.xcassets in Resources */ = {isa = PBXBuildFile; fileRef = 8D67098E1A9165DB0054A07A /* Images.xcassets */; };
		8D6709921A9165DB0054A07A /* LaunchScreen.xib in Resources */ = {isa = PBXBuildFile; fileRef = 8D6709901A9165DB0054A07A /* LaunchScreen.xib */; };
		8D67099E1A9165DB0054A07A /* Laboratorio6Tests.m in Sources */ = {isa = PBXBuildFile; fileRef = 8D67099D1A9165DB0054A07A /* Laboratorio6Tests.m */; };
		8D6709A81A91677C0054A07A /* iAd.framework in Frameworks */ = {isa = PBXBuildFile; fileRef = 8D6709A71A91677C0054A07A /* iAd.framework */; };
/* End PBXBuildFile section */

/* Begin PBXContainerItemProxy section */
		8D6709981A9165DB0054A07A /* PBXContainerItemProxy */ = {
			isa = PBXContainerItemProxy;
			containerPortal = 8D6709761A9165DB0054A07A /* Project object */;
			proxyType = 1;
			remoteGlobalIDString = 8D67097D1A9165DB0054A07A;
			remoteInfo = Laboratorio6;
		};
/* End PBXContainerItemProxy section */

/* Begin PBXFileReference section */
		8D3D44D71A91A3C7008A9E78 /* TablaLugaresViewController.h */ = {isa = PBXFileReference; fileEncoding = 4; lastKnownFileType = sourcecode.c.h; path = TablaLugaresViewController.h; sourceTree = "<group>"; };
		8D3D44D81A91A3C7008A9E78 /* TablaLugaresViewController.m */ = {isa = PBXFileReference; fileEncoding = 4; lastKnownFileType = sourcecode.c.objc; path = TablaLugaresViewController.m; sourceTree = "<group>"; };
		8D3D44DB1A91A407008A9E78 /* NSObject+SBJson.h */ = {isa = PBXFileReference; fileEncoding = 4; lastKnownFileType = sourcecode.c.h; path = "NSObject+SBJson.h"; sourceTree = "<group>"; };
		8D3D44DC1A91A407008A9E78 /* NSObject+SBJson.m */ = {isa = PBXFileReference; fileEncoding = 4; lastKnownFileType = sourcecode.c.objc; path = "NSObject+SBJson.m"; sourceTree = "<group>"; };
		8D3D44DD1A91A407008A9E78 /* SBJson.h */ = {isa = PBXFileReference; fileEncoding = 4; lastKnownFileType = sourcecode.c.h; path = SBJson.h; sourceTree = "<group>"; };
		8D3D44DE1A91A407008A9E78 /* SBJsonParser.h */ = {isa = PBXFileReference; fileEncoding = 4; lastKnownFileType = sourcecode.c.h; path = SBJsonParser.h; sourceTree = "<group>"; };
		8D3D44DF1A91A407008A9E78 /* SBJsonParser.m */ = {isa = PBXFileReference; fileEncoding = 4; lastKnownFileType = sourcecode.c.objc; path = SBJsonParser.m; sourceTree = "<group>"; };
		8D3D44E01A91A407008A9E78 /* SBJsonStreamParser.h */ = {isa = PBXFileReference; fileEncoding = 4; lastKnownFileType = sourcecode.c.h; path = SBJsonStreamParser.h; sourceTree = "<group>"; };
		8D3D44E11A91A407008A9E78 /* SBJsonStreamParser.m */ = {isa = PBXFileReference; fileEncoding = 4; lastKnownFileType = sourcecode.c.objc; path = SBJsonStreamParser.m; sourceTree = "<group>"; };
		8D3D44E21A91A407008A9E78 /* SBJsonStreamParserAccumulator.h */ = {isa = PBXFileReference; fileEncoding = 4; lastKnownFileType = sourcecode.c.h; path = SBJsonStreamParserAccumulator.h; sourceTree = "<group>"; };
		8D3D44E31A91A407008A9E78 /* SBJsonStreamParserAccumulator.m */ = {isa = PBXFileReference; fileEncoding = 4; lastKnownFileType = sourcecode.c.objc; path = SBJsonStreamParserAccumulator.m; sourceTree = "<group>"; };
		8D3D44E41A91A407008A9E78 /* SBJsonStreamParserAdapter.h */ = {isa = PBXFileReference; fileEncoding = 4; lastKnownFileType = sourcecode.c.h; path = SBJsonStreamParserAdapter.h; sourceTree = "<group>"; };
		8D3D44E51A91A407008A9E78 /* SBJsonStreamParserAdapter.m */ = {isa = PBXFileReference; fileEncoding = 4; lastKnownFileType = sourcecode.c.objc; path = SBJsonStreamParserAdapter.m; sourceTree = "<group>"; };
		8D3D44E61A91A407008A9E78 /* SBJsonStreamParserState.h */ = {isa = PBXFileReference; fileEncoding = 4; lastKnownFileType = sourcecode.c.h; path = SBJsonStreamParserState.h; sourceTree = "<group>"; };
		8D3D44E71A91A407008A9E78 /* SBJsonStreamParserState.m */ = {isa = PBXFileReference; fileEncoding = 4; lastKnownFileType = sourcecode.c.objc; path = SBJsonStreamParserState.m; sourceTree = "<group>"; };
		8D3D44E81A91A407008A9E78 /* SBJsonStreamWriter.h */ = {isa = PBXFileReference; fileEncoding = 4; lastKnownFileType = sourcecode.c.h; path = SBJsonStreamWriter.h; sourceTree = "<group>"; };
		8D3D44E91A91A407008A9E78 /* SBJsonStreamWriter.m */ = {isa = PBXFileReference; fileEncoding = 4; lastKnownFileType = sourcecode.c.objc; path = SBJsonStreamWriter.m; sourceTree = "<group>"; };
		8D3D44EA1A91A407008A9E78 /* SBJsonStreamWriterAccumulator.h */ = {isa = PBXFileReference; fileEncoding = 4; lastKnownFileType = sourcecode.c.h; path = SBJsonStreamWriterAccumulator.h; sourceTree = "<group>"; };
		8D3D44EB1A91A407008A9E78 /* SBJsonStreamWriterAccumulator.m */ = {isa = PBXFileReference; fileEncoding = 4; lastKnownFileType = sourcecode.c.objc; path = SBJsonStreamWriterAccumulator.m; sourceTree = "<group>"; };
		8D3D44EC1A91A407008A9E78 /* SBJsonStreamWriterState.h */ = {isa = PBXFileReference; fileEncoding = 4; lastKnownFileType = sourcecode.c.h; path = SBJsonStreamWriterState.h; sourceTree = "<group>"; };
		8D3D44ED1A91A407008A9E78 /* SBJsonStreamWriterState.m */ = {isa = PBXFileReference; fileEncoding = 4; lastKnownFileType = sourcecode.c.objc; path = SBJsonStreamWriterState.m; sourceTree = "<group>"; };
		8D3D44EE1A91A407008A9E78 /* SBJsonTokeniser.h */ = {isa = PBXFileReference; fileEncoding = 4; lastKnownFileType = sourcecode.c.h; path = SBJsonTokeniser.h; sourceTree = "<group>"; };
		8D3D44EF1A91A407008A9E78 /* SBJsonTokeniser.m */ = {isa = PBXFileReference; fileEncoding = 4; lastKnownFileType = sourcecode.c.objc; path = SBJsonTokeniser.m; sourceTree = "<group>"; };
		8D3D44F01A91A407008A9E78 /* SBJsonUTF8Stream.h */ = {isa = PBXFileReference; fileEncoding = 4; lastKnownFileType = sourcecode.c.h; path = SBJsonUTF8Stream.h; sourceTree = "<group>"; };
		8D3D44F11A91A407008A9E78 /* SBJsonUTF8Stream.m */ = {isa = PBXFileReference; fileEncoding = 4; lastKnownFileType = sourcecode.c.objc; path = SBJsonUTF8Stream.m; sourceTree = "<group>"; };
		8D3D44F21A91A407008A9E78 /* SBJsonWriter.h */ = {isa = PBXFileReference; fileEncoding = 4; lastKnownFileType = sourcecode.c.h; path = SBJsonWriter.h; sourceTree = "<group>"; };
		8D3D44F31A91A407008A9E78 /* SBJsonWriter.m */ = {isa = PBXFileReference; fileEncoding = 4; lastKnownFileType = sourcecode.c.objc; path = SBJsonWriter.m; sourceTree = "<group>"; };
		8D67097E1A9165DB0054A07A /* Laboratorio6.app */ = {isa = PBXFileReference; explicitFileType = wrapper.application; includeInIndex = 0; path = Laboratorio6.app; sourceTree = BUILT_PRODUCTS_DIR; };
		8D6709821A9165DB0054A07A /* Info.plist */ = {isa = PBXFileReference; lastKnownFileType = text.plist.xml; path = Info.plist; sourceTree = "<group>"; };
		8D6709831A9165DB0054A07A /* main.m */ = {isa = PBXFileReference; lastKnownFileType = sourcecode.c.objc; path = main.m; sourceTree = "<group>"; };
		8D6709851A9165DB0054A07A /* AppDelegate.h */ = {isa = PBXFileReference; lastKnownFileType = sourcecode.c.h; path = AppDelegate.h; sourceTree = "<group>"; };
		8D6709861A9165DB0054A07A /* AppDelegate.m */ = {isa = PBXFileReference; lastKnownFileType = sourcecode.c.objc; path = AppDelegate.m; sourceTree = "<group>"; };
		8D6709881A9165DB0054A07A /* ViewController.h */ = {isa = PBXFileReference; lastKnownFileType = sourcecode.c.h; path = ViewController.h; sourceTree = "<group>"; };
		8D6709891A9165DB0054A07A /* ViewController.m */ = {isa = PBXFileReference; lastKnownFileType = sourcecode.c.objc; path = ViewController.m; sourceTree = "<group>"; };
		8D67098C1A9165DB0054A07A /* Base */ = {isa = PBXFileReference; lastKnownFileType = file.storyboard; name = Base; path = Base.lproj/Main.storyboard; sourceTree = "<group>"; };
		8D67098E1A9165DB0054A07A /* Images.xcassets */ = {isa = PBXFileReference; lastKnownFileType = folder.assetcatalog; path = Images.xcassets; sourceTree = "<group>"; };
		8D6709911A9165DB0054A07A /* Base */ = {isa = PBXFileReference; lastKnownFileType = file.xib; name = Base; path = Base.lproj/LaunchScreen.xib; sourceTree = "<group>"; };
		8D6709971A9165DB0054A07A /* Laboratorio6Tests.xctest */ = {isa = PBXFileReference; explicitFileType = wrapper.cfbundle; includeInIndex = 0; path = Laboratorio6Tests.xctest; sourceTree = BUILT_PRODUCTS_DIR; };
		8D67099C1A9165DB0054A07A /* Info.plist */ = {isa = PBXFileReference; lastKnownFileType = text.plist.xml; path = Info.plist; sourceTree = "<group>"; };
		8D67099D1A9165DB0054A07A /* Laboratorio6Tests.m */ = {isa = PBXFileReference; lastKnownFileType = sourcecode.c.objc; path = Laboratorio6Tests.m; sourceTree = "<group>"; };
		8D6709A71A91677C0054A07A /* iAd.framework */ = {isa = PBXFileReference; lastKnownFileType = wrapper.framework; name = iAd.framework; path = System/Library/Frameworks/iAd.framework; sourceTree = SDKROOT; };
/* End PBXFileReference section */

/* Begin PBXFrameworksBuildPhase section */
		8D67097B1A9165DB0054A07A /* Frameworks */ = {
			isa = PBXFrameworksBuildPhase;
			buildActionMask = 2147483647;
			files = (
				8D6709A81A91677C0054A07A /* iAd.framework in Frameworks */,
			);
			runOnlyForDeploymentPostprocessing = 0;
		};
		8D6709941A9165DB0054A07A /* Frameworks */ = {
			isa = PBXFrameworksBuildPhase;
			buildActionMask = 2147483647;
			files = (
			);
			runOnlyForDeploymentPostprocessing = 0;
		};
/* End PBXFrameworksBuildPhase section */

/* Begin PBXGroup section */
		8D3D44DA1A91A407008A9E78 /* json */ = {
			isa = PBXGroup;
			children = (
				8D3D44DB1A91A407008A9E78 /* NSObject+SBJson.h */,
				8D3D44DC1A91A407008A9E78 /* NSObject+SBJson.m */,
				8D3D44DD1A91A407008A9E78 /* SBJson.h */,
				8D3D44DE1A91A407008A9E78 /* SBJsonParser.h */,
				8D3D44DF1A91A407008A9E78 /* SBJsonParser.m */,
				8D3D44E01A91A407008A9E78 /* SBJsonStreamParser.h */,
				8D3D44E11A91A407008A9E78 /* SBJsonStreamParser.m */,
				8D3D44E21A91A407008A9E78 /* SBJsonStreamParserAccumulator.h */,
				8D3D44E31A91A407008A9E78 /* SBJsonStreamParserAccumulator.m */,
				8D3D44E41A91A407008A9E78 /* SBJsonStreamParserAdapter.h */,
				8D3D44E51A91A407008A9E78 /* SBJsonStreamParserAdapter.m */,
				8D3D44E61A91A407008A9E78 /* SBJsonStreamParserState.h */,
				8D3D44E71A91A407008A9E78 /* SBJsonStreamParserState.m */,
				8D3D44E81A91A407008A9E78 /* SBJsonStreamWriter.h */,
				8D3D44E91A91A407008A9E78 /* SBJsonStreamWriter.m */,
				8D3D44EA1A91A407008A9E78 /* SBJsonStreamWriterAccumulator.h */,
				8D3D44EB1A91A407008A9E78 /* SBJsonStreamWriterAccumulator.m */,
				8D3D44EC1A91A407008A9E78 /* SBJsonStreamWriterState.h */,
				8D3D44ED1A91A407008A9E78 /* SBJsonStreamWriterState.m */,
				8D3D44EE1A91A407008A9E78 /* SBJsonTokeniser.h */,
				8D3D44EF1A91A407008A9E78 /* SBJsonTokeniser.m */,
				8D3D44F01A91A407008A9E78 /* SBJsonUTF8Stream.h */,
				8D3D44F11A91A407008A9E78 /* SBJsonUTF8Stream.m */,
				8D3D44F21A91A407008A9E78 /* SBJsonWriter.h */,
				8D3D44F31A91A407008A9E78 /* SBJsonWriter.m */,
			);
			path = json;
			sourceTree = "<group>";
		};
		8D6709751A9165DB0054A07A = {
			isa = PBXGroup;
			children = (
				8D3D44DA1A91A407008A9E78 /* json */,
				8D6709A71A91677C0054A07A /* iAd.framework */,
				8D6709801A9165DB0054A07A /* Laboratorio6 */,
				8D67099A1A9165DB0054A07A /* Laboratorio6Tests */,
				8D67097F1A9165DB0054A07A /* Products */,
			);
			sourceTree = "<group>";
		};
		8D67097F1A9165DB0054A07A /* Products */ = {
			isa = PBXGroup;
			children = (
				8D67097E1A9165DB0054A07A /* Laboratorio6.app */,
				8D6709971A9165DB0054A07A /* Laboratorio6Tests.xctest */,
			);
			name = Products;
			sourceTree = "<group>";
		};
		8D6709801A9165DB0054A07A /* Laboratorio6 */ = {
			isa = PBXGroup;
			children = (
				8D3D44D71A91A3C7008A9E78 /* TablaLugaresViewController.h */,
				8D3D44D81A91A3C7008A9E78 /* TablaLugaresViewController.m */,
				8D6709851A9165DB0054A07A /* AppDelegate.h */,
				8D6709861A9165DB0054A07A /* AppDelegate.m */,
				8D6709881A9165DB0054A07A /* ViewController.h */,
				8D6709891A9165DB0054A07A /* ViewController.m */,
				8D67098B1A9165DB0054A07A /* Main.storyboard */,
				8D67098E1A9165DB0054A07A /* Images.xcassets */,
				8D6709901A9165DB0054A07A /* LaunchScreen.xib */,
				8D6709811A9165DB0054A07A /* Supporting Files */,
			);
			path = Laboratorio6;
			sourceTree = "<group>";
		};
		8D6709811A9165DB0054A07A /* Supporting Files */ = {
			isa = PBXGroup;
			children = (
				8D6709821A9165DB0054A07A /* Info.plist */,
				8D6709831A9165DB0054A07A /* main.m */,
			);
			name = "Supporting Files";
			sourceTree = "<group>";
		};
		8D67099A1A9165DB0054A07A /* Laboratorio6Tests */ = {
			isa = PBXGroup;
			children = (
				8D67099D1A9165DB0054A07A /* Laboratorio6Tests.m */,
				8D67099B1A9165DB0054A07A /* Supporting Files */,
			);
			path = Laboratorio6Tests;
			sourceTree = "<group>";
		};
		8D67099B1A9165DB0054A07A /* Supporting Files */ = {
			isa = PBXGroup;
			children = (
				8D67099C1A9165DB0054A07A /* Info.plist */,
			);
			name = "Supporting Files";
			sourceTree = "<group>";
		};
/* End PBXGroup section */

/* Begin PBXNativeTarget section */
		8D67097D1A9165DB0054A07A /* Laboratorio6 */ = {
			isa = PBXNativeTarget;
			buildConfigurationList = 8D6709A11A9165DB0054A07A /* Build configuration list for PBXNativeTarget "Laboratorio6" */;
			buildPhases = (
				8D67097A1A9165DB0054A07A /* Sources */,
				8D67097B1A9165DB0054A07A /* Frameworks */,
				8D67097C1A9165DB0054A07A /* Resources */,
			);
			buildRules = (
			);
			dependencies = (
			);
			name = Laboratorio6;
			productName = Laboratorio6;
			productReference = 8D67097E1A9165DB0054A07A /* Laboratorio6.app */;
			productType = "com.apple.product-type.application";
		};
		8D6709961A9165DB0054A07A /* Laboratorio6Tests */ = {
			isa = PBXNativeTarget;
			buildConfigurationList = 8D6709A41A9165DB0054A07A /* Build configuration list for PBXNativeTarget "Laboratorio6Tests" */;
			buildPhases = (
				8D6709931A9165DB0054A07A /* Sources */,
				8D6709941A9165DB0054A07A /* Frameworks */,
				8D6709951A9165DB0054A07A /* Resources */,
			);
			buildRules = (
			);
			dependencies = (
				8D6709991A9165DB0054A07A /* PBXTargetDependency */,
			);
			name = Laboratorio6Tests;
			productName = Laboratorio6Tests;
			productReference = 8D6709971A9165DB0054A07A /* Laboratorio6Tests.xctest */;
			productType = "com.apple.product-type.bundle.unit-test";
		};
/* End PBXNativeTarget section */

/* Begin PBXProject section */
		8D6709761A9165DB0054A07A /* Project object */ = {
			isa = PBXProject;
			attributes = {
				LastUpgradeCheck = 0610;
				ORGANIZATIONNAME = marcos;
				TargetAttributes = {
					8D67097D1A9165DB0054A07A = {
						CreatedOnToolsVersion = 6.1.1;
					};
					8D6709961A9165DB0054A07A = {
						CreatedOnToolsVersion = 6.1.1;
						TestTargetID = 8D67097D1A9165DB0054A07A;
					};
				};
			};
			buildConfigurationList = 8D6709791A9165DB0054A07A /* Build configuration list for PBXProject "Laboratorio6" */;
			compatibilityVersion = "Xcode 3.2";
			developmentRegion = English;
			hasScannedForEncodings = 0;
			knownRegions = (
				en,
				Base,
			);
			mainGroup = 8D6709751A9165DB0054A07A;
			productRefGroup = 8D67097F1A9165DB0054A07A /* Products */;
			projectDirPath = "";
			projectRoot = "";
			targets = (
				8D67097D1A9165DB0054A07A /* Laboratorio6 */,
				8D6709961A9165DB0054A07A /* Laboratorio6Tests */,
			);
		};
/* End PBXProject section */

/* Begin PBXResourcesBuildPhase section */
		8D67097C1A9165DB0054A07A /* Resources */ = {
			isa = PBXResourcesBuildPhase;
			buildActionMask = 2147483647;
			files = (
				8D67098D1A9165DB0054A07A /* Main.storyboard in Resources */,
				8D6709921A9165DB0054A07A /* LaunchScreen.xib in Resources */,
				8D67098F1A9165DB0054A07A /* Images.xcassets in Resources */,
			);
			runOnlyForDeploymentPostprocessing = 0;
		};
		8D6709951A9165DB0054A07A /* Resources */ = {
			isa = PBXResourcesBuildPhase;
			buildActionMask = 2147483647;
			files = (
			);
			runOnlyForDeploymentPostprocessing = 0;
		};
/* End PBXResourcesBuildPhase section */

/* Begin PBXSourcesBuildPhase section */
		8D67097A1A9165DB0054A07A /* Sources */ = {
			isa = PBXSourcesBuildPhase;
			buildActionMask = 2147483647;
			files = (
				8D67098A1A9165DB0054A07A /* ViewController.m in Sources */,
				8D3D44D91A91A3C7008A9E78 /* TablaLugaresViewController.m in Sources */,
				8D3D44FB1A91A407008A9E78 /* SBJsonStreamWriterAccumulator.m in Sources */,
				8D3D44F71A91A407008A9E78 /* SBJsonStreamParserAccumulator.m in Sources */,
				8D3D44F91A91A407008A9E78 /* SBJsonStreamParserState.m in Sources */,
				8D3D44FF1A91A407008A9E78 /* SBJsonWriter.m in Sources */,
				8D6709871A9165DB0054A07A /* AppDelegate.m in Sources */,
				8D3D44FC1A91A407008A9E78 /* SBJsonStreamWriterState.m in Sources */,
				8D3D44F51A91A407008A9E78 /* SBJsonParser.m in Sources */,
				8D3D44FE1A91A407008A9E78 /* SBJsonUTF8Stream.m in Sources */,
				8D3D44F61A91A407008A9E78 /* SBJsonStreamParser.m in Sources */,
				8D3D44FD1A91A407008A9E78 /* SBJsonTokeniser.m in Sources */,
				8D3D44F41A91A407008A9E78 /* NSObject+SBJson.m in Sources */,
				8D6709841A9165DB0054A07A /* main.m in Sources */,
				8D3D44FA1A91A407008A9E78 /* SBJsonStreamWriter.m in Sources */,
				8D3D44F81A91A407008A9E78 /* SBJsonStreamParserAdapter.m in Sources */,
			);
			runOnlyForDeploymentPostprocessing = 0;
		};
		8D6709931A9165DB0054A07A /* Sources */ = {
			isa = PBXSourcesBuildPhase;
			buildActionMask = 2147483647;
			files = (
				8D67099E1A9165DB0054A07A /* Laboratorio6Tests.m in Sources */,
			);
			runOnlyForDeploymentPostprocessing = 0;
		};
/* End PBXSourcesBuildPhase section */

/* Begin PBXTargetDependency section */
		8D6709991A9165DB0054A07A /* PBXTargetDependency */ = {
			isa = PBXTargetDependency;
			target = 8D67097D1A9165DB0054A07A /* Laboratorio6 */;
			targetProxy = 8D6709981A9165DB0054A07A /* PBXContainerItemProxy */;
		};
/* End PBXTargetDependency section */

/* Begin PBXVariantGroup section */
		8D67098B1A9165DB0054A07A /* Main.storyboard */ = {
			isa = PBXVariantGroup;
			children = (
				8D67098C1A9165DB0054A07A /* Base */,
			);
			name = Main.storyboard;
			sourceTree = "<group>";
		};
		8D6709901A9165DB0054A07A /* LaunchScreen.xib */ = {
			isa = PBXVariantGroup;
			children = (
				8D6709911A9165DB0054A07A /* Base */,
			);
			name = LaunchScreen.xib;
			sourceTree = "<group>";
		};
/* End PBXVariantGroup section */

/* Begin XCBuildConfiguration section */
		8D67099F1A9165DB0054A07A /* Debug */ = {
			isa = XCBuildConfiguration;
			buildSettings = {
				ALWAYS_SEARCH_USER_PATHS = NO;
				CLANG_CXX_LANGUAGE_STANDARD = "gnu++0x";
				CLANG_CXX_LIBRARY = "libc++";
				CLANG_ENABLE_MODULES = YES;
				CLANG_ENABLE_OBJC_ARC = YES;
				CLANG_WARN_BOOL_CONVERSION = YES;
				CLANG_WARN_CONSTANT_CONVERSION = YES;
				CLANG_WARN_DIRECT_OBJC_ISA_USAGE = YES_ERROR;
				CLANG_WARN_EMPTY_BODY = YES;
				CLANG_WARN_ENUM_CONVERSION = YES;
				CLANG_WARN_INT_CONVERSION = YES;
				CLANG_WARN_OBJC_ROOT_CLASS = YES_ERROR;
				CLANG_WARN_UNREACHABLE_CODE = YES;
				CLANG_WARN__DUPLICATE_METHOD_MATCH = YES;
				"CODE_SIGN_IDENTITY[sdk=iphoneos*]" = "iPhone Developer";
				COPY_PHASE_STRIP = NO;
				ENABLE_STRICT_OBJC_MSGSEND = YES;
				GCC_C_LANGUAGE_STANDARD = gnu99;
				GCC_DYNAMIC_NO_PIC = NO;
				GCC_OPTIMIZATION_LEVEL = 0;
				GCC_PREPROCESSOR_DEFINITIONS = (
					"DEBUG=1",
					"$(inherited)",
				);
				GCC_SYMBOLS_PRIVATE_EXTERN = NO;
				GCC_WARN_64_TO_32_BIT_CONVERSION = YES;
				GCC_WARN_ABOUT_RETURN_TYPE = YES_ERROR;
				GCC_WARN_UNDECLARED_SELECTOR = YES;
				GCC_WARN_UNINITIALIZED_AUTOS = YES_AGGRESSIVE;
				GCC_WARN_UNUSED_FUNCTION = YES;
				GCC_WARN_UNUSED_VARIABLE = YES;
				IPHONEOS_DEPLOYMENT_TARGET = 8.1;
				MTL_ENABLE_DEBUG_INFO = YES;
				ONLY_ACTIVE_ARCH = YES;
				SDKROOT = iphoneos;
			};
			name = Debug;
		};
		8D6709A01A9165DB0054A07A /* Release */ = {
			isa = XCBuildConfiguration;
			buildSettings = {
				ALWAYS_SEARCH_USER_PATHS = NO;
				CLANG_CXX_LANGUAGE_STANDARD = "gnu++0x";
				CLANG_CXX_LIBRARY = "libc++";
				CLANG_ENABLE_MODULES = YES;
				CLANG_ENABLE_OBJC_ARC = YES;
				CLANG_WARN_BOOL_CONVERSION = YES;
				CLANG_WARN_CONSTANT_CONVERSION = YES;
				CLANG_WARN_DIRECT_OBJC_ISA_USAGE = YES_ERROR;
				CLANG_WARN_EMPTY_BODY = YES;
				CLANG_WARN_ENUM_CONVERSION = YES;
				CLANG_WARN_INT_CONVERSION = YES;
				CLANG_WARN_OBJC_ROOT_CLASS = YES_ERROR;
				CLANG_WARN_UNREACHABLE_CODE = YES;
				CLANG_WARN__DUPLICATE_METHOD_MATCH = YES;
				"CODE_SIGN_IDENTITY[sdk=iphoneos*]" = "iPhone Developer";
				COPY_PHASE_STRIP = YES;
				ENABLE_NS_ASSERTIONS = NO;
				ENABLE_STRICT_OBJC_MSGSEND = YES;
				GCC_C_LANGUAGE_STANDARD = gnu99;
				GCC_WARN_64_TO_32_BIT_CONVERSION = YES;
				GCC_WARN_ABOUT_RETURN_TYPE = YES_ERROR;
				GCC_WARN_UNDECLARED_SELECTOR = YES;
				GCC_WARN_UNINITIALIZED_AUTOS = YES_AGGRESSIVE;
				GCC_WARN_UNUSED_FUNCTION = YES;
				GCC_WARN_UNUSED_VARIABLE = YES;
				IPHONEOS_DEPLOYMENT_TARGET = 8.1;
				MTL_ENABLE_DEBUG_INFO = NO;
				SDKROOT = iphoneos;
				VALIDATE_PRODUCT = YES;
			};
			name = Release;
		};
		8D6709A21A9165DB0054A07A /* Debug */ = {
			isa = XCBuildConfiguration;
			buildSettings = {
				ASSETCATALOG_COMPILER_APPICON_NAME = AppIcon;
				INFOPLIST_FILE = Laboratorio6/Info.plist;
				LD_RUNPATH_SEARCH_PATHS = "$(inherited) @executable_path/Frameworks";
				PRODUCT_NAME = "$(TARGET_NAME)";
			};
			name = Debug;
		};
		8D6709A31A9165DB0054A07A /* Release */ = {
			isa = XCBuildConfiguration;
			buildSettings = {
				ASSETCATALOG_COMPILER_APPICON_NAME = AppIcon;
				INFOPLIST_FILE = Laboratorio6/Info.plist;
				LD_RUNPATH_SEARCH_PATHS = "$(inherited) @executable_path/Frameworks";
				PRODUCT_NAME = "$(TARGET_NAME)";
			};
			name = Release;
		};
		8D6709A51A9165DB0054A07A /* Debug */ = {
			isa = XCBuildConfiguration;
			buildSettings = {
				BUNDLE_LOADER = "$(TEST_HOST)";
				FRAMEWORK_SEARCH_PATHS = (
					"$(SDKROOT)/Developer/Library/Frameworks",
					"$(inherited)",
				);
				GCC_PREPROCESSOR_DEFINITIONS = (
					"DEBUG=1",
					"$(inherited)",
				);
				INFOPLIST_FILE = Laboratorio6Tests/Info.plist;
				LD_RUNPATH_SEARCH_PATHS = "$(inherited) @executable_path/Frameworks @loader_path/Frameworks";
				PRODUCT_NAME = "$(TARGET_NAME)";
				TEST_HOST = "$(BUILT_PRODUCTS_DIR)/Laboratorio6.app/Laboratorio6";
			};
			name = Debug;
		};
		8D6709A61A9165DB0054A07A /* Release */ = {
			isa = XCBuildConfiguration;
			buildSettings = {
				BUNDLE_LOADER = "$(TEST_HOST)";
				FRAMEWORK_SEARCH_PATHS = (
					"$(SDKROOT)/Developer/Library/Frameworks",
					"$(inherited)",
				);
				INFOPLIST_FILE = Laboratorio6Tests/Info.plist;
				LD_RUNPATH_SEARCH_PATHS = "$(inherited) @executable_path/Frameworks @loader_path/Frameworks";
				PRODUCT_NAME = "$(TARGET_NAME)";
				TEST_HOST = "$(BUILT_PRODUCTS_DIR)/Laboratorio6.app/Laboratorio6";
			};
			name = Release;
		};
/* End XCBuildConfiguration section */

/* Begin XCConfigurationList section */
		8D6709791A9165DB0054A07A /* Build configuration list for PBXProject "Laboratorio6" */ = {
			isa = XCConfigurationList;
			buildConfigurations = (
				8D67099F1A9165DB0054A07A /* Debug */,
				8D6709A01A9165DB0054A07A /* Release */,
			);
			defaultConfigurationIsVisible = 0;
			defaultConfigurationName = Release;
		};
		8D6709A11A9165DB0054A07A /* Build configuration list for PBXNativeTarget "Laboratorio6" */ = {
			isa = XCConfigurationList;
			buildConfigurations = (
				8D6709A21A9165DB0054A07A /* Debug */,
				8D6709A31A9165DB0054A07A /* Release */,
			);
			defaultConfigurationIsVisible = 0;
			defaultConfigurationName = Release;
		};
		8D6709A41A9165DB0054A07A /* Build configuration list for PBXNativeTarget "Laboratorio6Tests" */ = {
			isa = XCConfigurationList;
			buildConfigurations = (
				8D6709A51A9165DB0054A07A /* Debug */,
				8D6709A61A9165DB0054A07A /* Release */,
			);
			defaultConfigurationIsVisible = 0;
			defaultConfigurationName = Release;
		};
/* End XCConfigurationList section */
	};
	rootObject = 8D6709761A9165DB0054A07A /* Project object */;
}
